// !$*UTF8*$!
{
	archiveVersion = 1;
	classes = {
	};
	objectVersion = 56;
	objects = {

/* Begin PBXBuildFile section */
		261050A31C953C1ACDD1DEC8 /* Pods_Add_Music_to_Video.framework in Frameworks */ = {isa = PBXBuildFile; fileRef = 53A41502BA43828D1EA86611 /* Pods_Add_Music_to_Video.framework */; };
		E8B7D54F2A88286D00D04BF8 /* 172807 (1080p).mp4 in Resources */ = {isa = PBXBuildFile; fileRef = E8B7D54E2A88286D00D04BF8 /* 172807 (1080p).mp4 */; };
		E8BAEBD12A83FA9F00A79B53 /* AppDelegate.swift in Sources */ = {isa = PBXBuildFile; fileRef = E8BAEBD02A83FA9F00A79B53 /* AppDelegate.swift */; };
		E8BAEBD32A83FA9F00A79B53 /* SceneDelegate.swift in Sources */ = {isa = PBXBuildFile; fileRef = E8BAEBD22A83FA9F00A79B53 /* SceneDelegate.swift */; };
		E8BAEBD82A83FA9F00A79B53 /* Main.storyboard in Resources */ = {isa = PBXBuildFile; fileRef = E8BAEBD62A83FA9F00A79B53 /* Main.storyboard */; };
		E8BAEBDA2A83FAA200A79B53 /* Assets.xcassets in Resources */ = {isa = PBXBuildFile; fileRef = E8BAEBD92A83FAA200A79B53 /* Assets.xcassets */; };
		E8BAEBDD2A83FAA200A79B53 /* LaunchScreen.storyboard in Resources */ = {isa = PBXBuildFile; fileRef = E8BAEBDB2A83FAA200A79B53 /* LaunchScreen.storyboard */; };
		E8BAEBE52A84020E00A79B53 /* HomeVC.swift in Sources */ = {isa = PBXBuildFile; fileRef = E8BAEBE42A84020E00A79B53 /* HomeVC.swift */; };
		E8BAEBE72A84038A00A79B53 /* HomeCollectionViewCell.swift in Sources */ = {isa = PBXBuildFile; fileRef = E8BAEBE62A84038A00A79B53 /* HomeCollectionViewCell.swift */; };
		E8C768532A92588E00B4631D /* CroppingRatioCollectionViewCell.swift in Sources */ = {isa = PBXBuildFile; fileRef = E8C768522A92588E00B4631D /* CroppingRatioCollectionViewCell.swift */; };
		E8C7B2352A90FC5B002AB826 /* AIEffectsVC.swift in Sources */ = {isa = PBXBuildFile; fileRef = E8C7B2342A90FC5B002AB826 /* AIEffectsVC.swift */; };
		E8C7B2372A90FC81002AB826 /* CanvasVC.swift in Sources */ = {isa = PBXBuildFile; fileRef = E8C7B2362A90FC81002AB826 /* CanvasVC.swift */; };
		E8C7B2392A911DC3002AB826 /* home2CollectionViewCell.swift in Sources */ = {isa = PBXBuildFile; fileRef = E8C7B2382A911DC3002AB826 /* home2CollectionViewCell.swift */; };
		E8D8C13B2A86DC86008B60FD /* settingsTableViewCell.swift in Sources */ = {isa = PBXBuildFile; fileRef = E8D8C13A2A86DC86008B60FD /* settingsTableViewCell.swift */; };
		E8D9139A2A88DBE400CC5AF2 /* mixkit-waterfall-in-forest-2213-medium.mp4 in Resources */ = {isa = PBXBuildFile; fileRef = E8D913992A88DBE400CC5AF2 /* mixkit-waterfall-in-forest-2213-medium.mp4 */; };
		E8D9139C2A88E1B400CC5AF2 /* mixkit-a-woman-with-her-dog-watching-the-sunset-4814-medium.mp4 in Resources */ = {isa = PBXBuildFile; fileRef = E8D9139B2A88E1B400CC5AF2 /* mixkit-a-woman-with-her-dog-watching-the-sunset-4814-medium.mp4 */; };
		E8D9139E2A88E1C800CC5AF2 /* mixkit-macaw-parrot-feeding-on-a-branch-4669-medium.mp4 in Resources */ = {isa = PBXBuildFile; fileRef = E8D9139D2A88E1C800CC5AF2 /* mixkit-macaw-parrot-feeding-on-a-branch-4669-medium.mp4 */; };
		E8D913A02A88EAEF00CC5AF2 /* mixkit-pov-of-a-basket-of-easter-eggs-48595-medium.mp4 in Resources */ = {isa = PBXBuildFile; fileRef = E8D9139F2A88EAEF00CC5AF2 /* mixkit-pov-of-a-basket-of-easter-eggs-48595-medium.mp4 */; };
		E8DFD3CD2A855F5B000B3C22 /* SettingsVC.swift in Sources */ = {isa = PBXBuildFile; fileRef = E8DFD3CC2A855F5B000B3C22 /* SettingsVC.swift */; };
		E8DFD3CF2A855F7F000B3C22 /* PurchaseVC.swift in Sources */ = {isa = PBXBuildFile; fileRef = E8DFD3CE2A855F7F000B3C22 /* PurchaseVC.swift */; };
		E8FDA53B2A8CC92500FDC578 /* selectMusicVC.swift in Sources */ = {isa = PBXBuildFile; fileRef = E8FDA53A2A8CC92500FDC578 /* selectMusicVC.swift */; };
		E8FDA53D2A8CE2DE00FDC578 /* selectMusicCollectionViewCell.swift in Sources */ = {isa = PBXBuildFile; fileRef = E8FDA53C2A8CE2DE00FDC578 /* selectMusicCollectionViewCell.swift */; };
		E8FDA53F2A8CE3AF00FDC578 /* DownloadSelectMusicCollectionViewCell.swift in Sources */ = {isa = PBXBuildFile; fileRef = E8FDA53E2A8CE3AF00FDC578 /* DownloadSelectMusicCollectionViewCell.swift */; };
		E8FDA5422A8D578100FDC578 /* editPageVc.swift in Sources */ = {isa = PBXBuildFile; fileRef = E8FDA5412A8D578100FDC578 /* editPageVc.swift */; };
/* End PBXBuildFile section */

/* Begin PBXFileReference section */
		049E687EB0CB88CA333F2EA2 /* Pods-Add Music to Video.debug.xcconfig */ = {isa = PBXFileReference; includeInIndex = 1; lastKnownFileType = text.xcconfig; name = "Pods-Add Music to Video.debug.xcconfig"; path = "Target Support Files/Pods-Add Music to Video/Pods-Add Music to Video.debug.xcconfig"; sourceTree = "<group>"; };
		226A8FF89101981FA3CA7EEF /* Pods-Add Music to Video.release.xcconfig */ = {isa = PBXFileReference; includeInIndex = 1; lastKnownFileType = text.xcconfig; name = "Pods-Add Music to Video.release.xcconfig"; path = "Target Support Files/Pods-Add Music to Video/Pods-Add Music to Video.release.xcconfig"; sourceTree = "<group>"; };
		53A41502BA43828D1EA86611 /* Pods_Add_Music_to_Video.framework */ = {isa = PBXFileReference; explicitFileType = wrapper.framework; includeInIndex = 0; path = Pods_Add_Music_to_Video.framework; sourceTree = BUILT_PRODUCTS_DIR; };
		E8B7D54E2A88286D00D04BF8 /* 172807 (1080p).mp4 */ = {isa = PBXFileReference; lastKnownFileType = file; path = "172807 (1080p).mp4"; sourceTree = "<group>"; };
		E8BAEBCD2A83FA9F00A79B53 /* Add Music to Video.app */ = {isa = PBXFileReference; explicitFileType = wrapper.application; includeInIndex = 0; path = "Add Music to Video.app"; sourceTree = BUILT_PRODUCTS_DIR; };
		E8BAEBD02A83FA9F00A79B53 /* AppDelegate.swift */ = {isa = PBXFileReference; lastKnownFileType = sourcecode.swift; path = AppDelegate.swift; sourceTree = "<group>"; };
		E8BAEBD22A83FA9F00A79B53 /* SceneDelegate.swift */ = {isa = PBXFileReference; lastKnownFileType = sourcecode.swift; path = SceneDelegate.swift; sourceTree = "<group>"; };
		E8BAEBD72A83FA9F00A79B53 /* Base */ = {isa = PBXFileReference; lastKnownFileType = file.storyboard; name = Base; path = Base.lproj/Main.storyboard; sourceTree = "<group>"; };
		E8BAEBD92A83FAA200A79B53 /* Assets.xcassets */ = {isa = PBXFileReference; lastKnownFileType = folder.assetcatalog; path = Assets.xcassets; sourceTree = "<group>"; };
		E8BAEBDC2A83FAA200A79B53 /* Base */ = {isa = PBXFileReference; lastKnownFileType = file.storyboard; name = Base; path = Base.lproj/LaunchScreen.storyboard; sourceTree = "<group>"; };
		E8BAEBDE2A83FAA200A79B53 /* Info.plist */ = {isa = PBXFileReference; lastKnownFileType = text.plist.xml; path = Info.plist; sourceTree = "<group>"; };
		E8BAEBE42A84020E00A79B53 /* HomeVC.swift */ = {isa = PBXFileReference; lastKnownFileType = sourcecode.swift; path = HomeVC.swift; sourceTree = "<group>"; };
		E8BAEBE62A84038A00A79B53 /* HomeCollectionViewCell.swift */ = {isa = PBXFileReference; lastKnownFileType = sourcecode.swift; path = HomeCollectionViewCell.swift; sourceTree = "<group>"; };
		E8C768522A92588E00B4631D /* CroppingRatioCollectionViewCell.swift */ = {isa = PBXFileReference; lastKnownFileType = sourcecode.swift; path = CroppingRatioCollectionViewCell.swift; sourceTree = "<group>"; };
		E8C7B2342A90FC5B002AB826 /* AIEffectsVC.swift */ = {isa = PBXFileReference; lastKnownFileType = sourcecode.swift; path = AIEffectsVC.swift; sourceTree = "<group>"; };
		E8C7B2362A90FC81002AB826 /* CanvasVC.swift */ = {isa = PBXFileReference; lastKnownFileType = sourcecode.swift; path = CanvasVC.swift; sourceTree = "<group>"; };
		E8C7B2382A911DC3002AB826 /* home2CollectionViewCell.swift */ = {isa = PBXFileReference; lastKnownFileType = sourcecode.swift; path = home2CollectionViewCell.swift; sourceTree = "<group>"; };
		E8D8C13A2A86DC86008B60FD /* settingsTableViewCell.swift */ = {isa = PBXFileReference; lastKnownFileType = sourcecode.swift; path = settingsTableViewCell.swift; sourceTree = "<group>"; };
		E8D913992A88DBE400CC5AF2 /* mixkit-waterfall-in-forest-2213-medium.mp4 */ = {isa = PBXFileReference; lastKnownFileType = file; path = "mixkit-waterfall-in-forest-2213-medium.mp4"; sourceTree = "<group>"; };
		E8D9139B2A88E1B400CC5AF2 /* mixkit-a-woman-with-her-dog-watching-the-sunset-4814-medium.mp4 */ = {isa = PBXFileReference; lastKnownFileType = file; path = "mixkit-a-woman-with-her-dog-watching-the-sunset-4814-medium.mp4"; sourceTree = "<group>"; };
		E8D9139D2A88E1C800CC5AF2 /* mixkit-macaw-parrot-feeding-on-a-branch-4669-medium.mp4 */ = {isa = PBXFileReference; lastKnownFileType = file; path = "mixkit-macaw-parrot-feeding-on-a-branch-4669-medium.mp4"; sourceTree = "<group>"; };
		E8D9139F2A88EAEF00CC5AF2 /* mixkit-pov-of-a-basket-of-easter-eggs-48595-medium.mp4 */ = {isa = PBXFileReference; lastKnownFileType = file; path = "mixkit-pov-of-a-basket-of-easter-eggs-48595-medium.mp4"; sourceTree = "<group>"; };
		E8DFD3CC2A855F5B000B3C22 /* SettingsVC.swift */ = {isa = PBXFileReference; lastKnownFileType = sourcecode.swift; path = SettingsVC.swift; sourceTree = "<group>"; };
		E8DFD3CE2A855F7F000B3C22 /* PurchaseVC.swift */ = {isa = PBXFileReference; lastKnownFileType = sourcecode.swift; path = PurchaseVC.swift; sourceTree = "<group>"; };
		E8FDA53A2A8CC92500FDC578 /* selectMusicVC.swift */ = {isa = PBXFileReference; lastKnownFileType = sourcecode.swift; path = selectMusicVC.swift; sourceTree = "<group>"; };
		E8FDA53C2A8CE2DE00FDC578 /* selectMusicCollectionViewCell.swift */ = {isa = PBXFileReference; lastKnownFileType = sourcecode.swift; path = selectMusicCollectionViewCell.swift; sourceTree = "<group>"; };
		E8FDA53E2A8CE3AF00FDC578 /* DownloadSelectMusicCollectionViewCell.swift */ = {isa = PBXFileReference; lastKnownFileType = sourcecode.swift; path = DownloadSelectMusicCollectionViewCell.swift; sourceTree = "<group>"; };
		E8FDA5412A8D578100FDC578 /* editPageVc.swift */ = {isa = PBXFileReference; lastKnownFileType = sourcecode.swift; path = editPageVc.swift; sourceTree = "<group>"; };
/* End PBXFileReference section */

/* Begin PBXFrameworksBuildPhase section */
		E8BAEBCA2A83FA9F00A79B53 /* Frameworks */ = {
			isa = PBXFrameworksBuildPhase;
			buildActionMask = 2147483647;
			files = (
				261050A31C953C1ACDD1DEC8 /* Pods_Add_Music_to_Video.framework in Frameworks */,
			);
			runOnlyForDeploymentPostprocessing = 0;
		};
/* End PBXFrameworksBuildPhase section */

/* Begin PBXGroup section */
		75F935137042473F09231798 /* Pods */ = {
			isa = PBXGroup;
			children = (
				049E687EB0CB88CA333F2EA2 /* Pods-Add Music to Video.debug.xcconfig */,
				226A8FF89101981FA3CA7EEF /* Pods-Add Music to Video.release.xcconfig */,
			);
			path = Pods;
			sourceTree = "<group>";
		};
		9D5DEF55D3123765118A666C /* Frameworks */ = {
			isa = PBXGroup;
			children = (
				53A41502BA43828D1EA86611 /* Pods_Add_Music_to_Video.framework */,
			);
			name = Frameworks;
			sourceTree = "<group>";
		};
		E8BAEBC42A83FA9F00A79B53 = {
			isa = PBXGroup;
			children = (
				E8BAEBCF2A83FA9F00A79B53 /* Add Music to Video */,
				E8BAEBCE2A83FA9F00A79B53 /* Products */,
				75F935137042473F09231798 /* Pods */,
				9D5DEF55D3123765118A666C /* Frameworks */,
			);
			sourceTree = "<group>";
		};
		E8BAEBCE2A83FA9F00A79B53 /* Products */ = {
			isa = PBXGroup;
			children = (
				E8BAEBCD2A83FA9F00A79B53 /* Add Music to Video.app */,
			);
			name = Products;
			sourceTree = "<group>";
		};
		E8BAEBCF2A83FA9F00A79B53 /* Add Music to Video */ = {
			isa = PBXGroup;
			children = (
				E8DFD3CA2A855F20000B3C22 /* controllers */,
				E8BAEBD02A83FA9F00A79B53 /* AppDelegate.swift */,
				E8BAEBD22A83FA9F00A79B53 /* SceneDelegate.swift */,
				E8BAEBD62A83FA9F00A79B53 /* Main.storyboard */,
				E8BAEBD92A83FAA200A79B53 /* Assets.xcassets */,
				E8BAEBDB2A83FAA200A79B53 /* LaunchScreen.storyboard */,
				E8D9139F2A88EAEF00CC5AF2 /* mixkit-pov-of-a-basket-of-easter-eggs-48595-medium.mp4 */,
				E8D9139B2A88E1B400CC5AF2 /* mixkit-a-woman-with-her-dog-watching-the-sunset-4814-medium.mp4 */,
				E8D9139D2A88E1C800CC5AF2 /* mixkit-macaw-parrot-feeding-on-a-branch-4669-medium.mp4 */,
				E8D913992A88DBE400CC5AF2 /* mixkit-waterfall-in-forest-2213-medium.mp4 */,
				E8B7D54E2A88286D00D04BF8 /* 172807 (1080p).mp4 */,
				E8BAEBDE2A83FAA200A79B53 /* Info.plist */,
			);
			path = "Add Music to Video";
			sourceTree = "<group>";
		};
		E8C768542A92676600B4631D /* canvas */ = {
			isa = PBXGroup;
			children = (
				E8C7B2362A90FC81002AB826 /* CanvasVC.swift */,
				E8C768522A92588E00B4631D /* CroppingRatioCollectionViewCell.swift */,
			);
			path = canvas;
			sourceTree = "<group>";
		};
		E8C7B2332A90FBFA002AB826 /* tabbarItems */ = {
			isa = PBXGroup;
			children = (
				E8C7B2342A90FC5B002AB826 /* AIEffectsVC.swift */,
				E8C768542A92676600B4631D /* canvas */,
			);
			path = tabbarItems;
			sourceTree = "<group>";
		};
		E8D8C1392A86DC3E008B60FD /* settings */ = {
			isa = PBXGroup;
			children = (
				E8DFD3CC2A855F5B000B3C22 /* SettingsVC.swift */,
				E8D8C13A2A86DC86008B60FD /* settingsTableViewCell.swift */,
			);
			path = settings;
			sourceTree = "<group>";
		};
		E8DFD3CA2A855F20000B3C22 /* controllers */ = {
			isa = PBXGroup;
			children = (
				E8FDA5402A8D575900FDC578 /* editpage */,
				E8FDA5392A8CC8FE00FDC578 /* select music */,
				E8FDA5382A8CC8ED00FDC578 /* purchase */,
				E8D8C1392A86DC3E008B60FD /* settings */,
				E8DFD3CB2A855F29000B3C22 /* home */,
			);
			path = controllers;
			sourceTree = "<group>";
		};
		E8DFD3CB2A855F29000B3C22 /* home */ = {
			isa = PBXGroup;
			children = (
				E8BAEBE42A84020E00A79B53 /* HomeVC.swift */,
				E8C7B2382A911DC3002AB826 /* home2CollectionViewCell.swift */,
				E8BAEBE62A84038A00A79B53 /* HomeCollectionViewCell.swift */,
			);
			path = home;
			sourceTree = "<group>";
		};
		E8FDA5382A8CC8ED00FDC578 /* purchase */ = {
			isa = PBXGroup;
			children = (
				E8DFD3CE2A855F7F000B3C22 /* PurchaseVC.swift */,
			);
			path = purchase;
			sourceTree = "<group>";
		};
		E8FDA5392A8CC8FE00FDC578 /* select music */ = {
			isa = PBXGroup;
			children = (
				E8FDA53A2A8CC92500FDC578 /* selectMusicVC.swift */,
				E8FDA53C2A8CE2DE00FDC578 /* selectMusicCollectionViewCell.swift */,
				E8FDA53E2A8CE3AF00FDC578 /* DownloadSelectMusicCollectionViewCell.swift */,
			);
			path = "select music";
			sourceTree = "<group>";
		};
		E8FDA5402A8D575900FDC578 /* editpage */ = {
			isa = PBXGroup;
			children = (
				E8FDA5412A8D578100FDC578 /* editPageVc.swift */,
				E8C7B2332A90FBFA002AB826 /* tabbarItems */,
			);
			path = editpage;
			sourceTree = "<group>";
		};
/* End PBXGroup section */

/* Begin PBXNativeTarget section */
		E8BAEBCC2A83FA9F00A79B53 /* Add Music to Video */ = {
			isa = PBXNativeTarget;
			buildConfigurationList = E8BAEBE12A83FAA200A79B53 /* Build configuration list for PBXNativeTarget "Add Music to Video" */;
			buildPhases = (
				B7569F34E195CF346240771F /* [CP] Check Pods Manifest.lock */,
				E8BAEBC92A83FA9F00A79B53 /* Sources */,
				E8BAEBCA2A83FA9F00A79B53 /* Frameworks */,
				E8BAEBCB2A83FA9F00A79B53 /* Resources */,
				A539D4BF9B93B0174CB6A5D9 /* [CP] Embed Pods Frameworks */,
			);
			buildRules = (
			);
			dependencies = (
			);
			name = "Add Music to Video";
			productName = "Add Music to Video";
			productReference = E8BAEBCD2A83FA9F00A79B53 /* Add Music to Video.app */;
			productType = "com.apple.product-type.application";
		};
/* End PBXNativeTarget section */

/* Begin PBXProject section */
		E8BAEBC52A83FA9F00A79B53 /* Project object */ = {
			isa = PBXProject;
			attributes = {
				BuildIndependentTargetsInParallel = 1;
				LastSwiftUpdateCheck = 1430;
				LastUpgradeCheck = 1430;
				TargetAttributes = {
					E8BAEBCC2A83FA9F00A79B53 = {
						CreatedOnToolsVersion = 14.3.1;
					};
				};
			};
			buildConfigurationList = E8BAEBC82A83FA9F00A79B53 /* Build configuration list for PBXProject "Add Music to Video" */;
			compatibilityVersion = "Xcode 14.0";
			developmentRegion = en;
			hasScannedForEncodings = 0;
			knownRegions = (
				en,
				Base,
			);
			mainGroup = E8BAEBC42A83FA9F00A79B53;
			productRefGroup = E8BAEBCE2A83FA9F00A79B53 /* Products */;
			projectDirPath = "";
			projectRoot = "";
			targets = (
				E8BAEBCC2A83FA9F00A79B53 /* Add Music to Video */,
			);
		};
/* End PBXProject section */

/* Begin PBXResourcesBuildPhase section */
		E8BAEBCB2A83FA9F00A79B53 /* Resources */ = {
			isa = PBXResourcesBuildPhase;
			buildActionMask = 2147483647;
			files = (
				E8D9139E2A88E1C800CC5AF2 /* mixkit-macaw-parrot-feeding-on-a-branch-4669-medium.mp4 in Resources */,
				E8D9139C2A88E1B400CC5AF2 /* mixkit-a-woman-with-her-dog-watching-the-sunset-4814-medium.mp4 in Resources */,
				E8B7D54F2A88286D00D04BF8 /* 172807 (1080p).mp4 in Resources */,
				E8BAEBDD2A83FAA200A79B53 /* LaunchScreen.storyboard in Resources */,
				E8D913A02A88EAEF00CC5AF2 /* mixkit-pov-of-a-basket-of-easter-eggs-48595-medium.mp4 in Resources */,
				E8BAEBDA2A83FAA200A79B53 /* Assets.xcassets in Resources */,
				E8BAEBD82A83FA9F00A79B53 /* Main.storyboard in Resources */,
				E8D9139A2A88DBE400CC5AF2 /* mixkit-waterfall-in-forest-2213-medium.mp4 in Resources */,
			);
			runOnlyForDeploymentPostprocessing = 0;
		};
/* End PBXResourcesBuildPhase section */

/* Begin PBXShellScriptBuildPhase section */
		A539D4BF9B93B0174CB6A5D9 /* [CP] Embed Pods Frameworks */ = {
			isa = PBXShellScriptBuildPhase;
			buildActionMask = 2147483647;
			files = (
			);
			inputFileListPaths = (
				"${PODS_ROOT}/Target Support Files/Pods-Add Music to Video/Pods-Add Music to Video-frameworks-${CONFIGURATION}-input-files.xcfilelist",
			);
			name = "[CP] Embed Pods Frameworks";
			outputFileListPaths = (
				"${PODS_ROOT}/Target Support Files/Pods-Add Music to Video/Pods-Add Music to Video-frameworks-${CONFIGURATION}-output-files.xcfilelist",
			);
			runOnlyForDeploymentPostprocessing = 0;
			shellPath = /bin/sh;
			shellScript = "\"${PODS_ROOT}/Target Support Files/Pods-Add Music to Video/Pods-Add Music to Video-frameworks.sh\"\n";
			showEnvVarsInLog = 0;
		};
		B7569F34E195CF346240771F /* [CP] Check Pods Manifest.lock */ = {
			isa = PBXShellScriptBuildPhase;
			buildActionMask = 2147483647;
			files = (
			);
			inputFileListPaths = (
			);
			inputPaths = (
				"${PODS_PODFILE_DIR_PATH}/Podfile.lock",
				"${PODS_ROOT}/Manifest.lock",
			);
			name = "[CP] Check Pods Manifest.lock";
			outputFileListPaths = (
			);
			outputPaths = (
				"$(DERIVED_FILE_DIR)/Pods-Add Music to Video-checkManifestLockResult.txt",
			);
			runOnlyForDeploymentPostprocessing = 0;
			shellPath = /bin/sh;
			shellScript = "diff \"${PODS_PODFILE_DIR_PATH}/Podfile.lock\" \"${PODS_ROOT}/Manifest.lock\" > /dev/null\nif [ $? != 0 ] ; then\n    # print error to STDERR\n    echo \"error: The sandbox is not in sync with the Podfile.lock. Run 'pod install' or update your CocoaPods installation.\" >&2\n    exit 1\nfi\n# This output is used by Xcode 'outputs' to avoid re-running this script phase.\necho \"SUCCESS\" > \"${SCRIPT_OUTPUT_FILE_0}\"\n";
			showEnvVarsInLog = 0;
		};
/* End PBXShellScriptBuildPhase section */

/* Begin PBXSourcesBuildPhase section */
		E8BAEBC92A83FA9F00A79B53 /* Sources */ = {
			isa = PBXSourcesBuildPhase;
			buildActionMask = 2147483647;
			files = (
				E8C768532A92588E00B4631D /* CroppingRatioCollectionViewCell.swift in Sources */,
				E8FDA53D2A8CE2DE00FDC578 /* selectMusicCollectionViewCell.swift in Sources */,
				E8C7B2372A90FC81002AB826 /* CanvasVC.swift in Sources */,
				E8FDA53B2A8CC92500FDC578 /* selectMusicVC.swift in Sources */,
				E8FDA5422A8D578100FDC578 /* editPageVc.swift in Sources */,
				E8C7B2392A911DC3002AB826 /* home2CollectionViewCell.swift in Sources */,
				E8BAEBE52A84020E00A79B53 /* HomeVC.swift in Sources */,
				E8BAEBD12A83FA9F00A79B53 /* AppDelegate.swift in Sources */,
				E8D8C13B2A86DC86008B60FD /* settingsTableViewCell.swift in Sources */,
				E8BAEBD32A83FA9F00A79B53 /* SceneDelegate.swift in Sources */,
				E8FDA53F2A8CE3AF00FDC578 /* DownloadSelectMusicCollectionViewCell.swift in Sources */,
				E8DFD3CF2A855F7F000B3C22 /* PurchaseVC.swift in Sources */,
				E8BAEBE72A84038A00A79B53 /* HomeCollectionViewCell.swift in Sources */,
				E8DFD3CD2A855F5B000B3C22 /* SettingsVC.swift in Sources */,
				E8C7B2352A90FC5B002AB826 /* AIEffectsVC.swift in Sources */,
			);
			runOnlyForDeploymentPostprocessing = 0;
		};
/* End PBXSourcesBuildPhase section */

/* Begin PBXVariantGroup section */
		E8BAEBD62A83FA9F00A79B53 /* Main.storyboard */ = {
			isa = PBXVariantGroup;
			children = (
				E8BAEBD72A83FA9F00A79B53 /* Base */,
			);
			name = Main.storyboard;
			sourceTree = "<group>";
		};
		E8BAEBDB2A83FAA200A79B53 /* LaunchScreen.storyboard */ = {
			isa = PBXVariantGroup;
			children = (
				E8BAEBDC2A83FAA200A79B53 /* Base */,
			);
			name = LaunchScreen.storyboard;
			sourceTree = "<group>";
		};
/* End PBXVariantGroup section */

/* Begin XCBuildConfiguration section */
		E8BAEBDF2A83FAA200A79B53 /* Debug */ = {
			isa = XCBuildConfiguration;
			buildSettings = {
				ALWAYS_SEARCH_USER_PATHS = NO;
				CLANG_ANALYZER_NONNULL = YES;
				CLANG_ANALYZER_NUMBER_OBJECT_CONVERSION = YES_AGGRESSIVE;
				CLANG_CXX_LANGUAGE_STANDARD = "gnu++20";
				CLANG_ENABLE_MODULES = YES;
				CLANG_ENABLE_OBJC_ARC = YES;
				CLANG_ENABLE_OBJC_WEAK = YES;
				CLANG_WARN_BLOCK_CAPTURE_AUTORELEASING = YES;
				CLANG_WARN_BOOL_CONVERSION = YES;
				CLANG_WARN_COMMA = YES;
				CLANG_WARN_CONSTANT_CONVERSION = YES;
				CLANG_WARN_DEPRECATED_OBJC_IMPLEMENTATIONS = YES;
				CLANG_WARN_DIRECT_OBJC_ISA_USAGE = YES_ERROR;
				CLANG_WARN_DOCUMENTATION_COMMENTS = YES;
				CLANG_WARN_EMPTY_BODY = YES;
				CLANG_WARN_ENUM_CONVERSION = YES;
				CLANG_WARN_INFINITE_RECURSION = YES;
				CLANG_WARN_INT_CONVERSION = YES;
				CLANG_WARN_NON_LITERAL_NULL_CONVERSION = YES;
				CLANG_WARN_OBJC_IMPLICIT_RETAIN_SELF = YES;
				CLANG_WARN_OBJC_LITERAL_CONVERSION = YES;
				CLANG_WARN_OBJC_ROOT_CLASS = YES_ERROR;
				CLANG_WARN_QUOTED_INCLUDE_IN_FRAMEWORK_HEADER = YES;
				CLANG_WARN_RANGE_LOOP_ANALYSIS = YES;
				CLANG_WARN_STRICT_PROTOTYPES = YES;
				CLANG_WARN_SUSPICIOUS_MOVE = YES;
				CLANG_WARN_UNGUARDED_AVAILABILITY = YES_AGGRESSIVE;
				CLANG_WARN_UNREACHABLE_CODE = YES;
				CLANG_WARN__DUPLICATE_METHOD_MATCH = YES;
				COPY_PHASE_STRIP = NO;
				DEBUG_INFORMATION_FORMAT = dwarf;
				ENABLE_STRICT_OBJC_MSGSEND = YES;
				ENABLE_TESTABILITY = YES;
				GCC_C_LANGUAGE_STANDARD = gnu11;
				GCC_DYNAMIC_NO_PIC = NO;
				GCC_NO_COMMON_BLOCKS = YES;
				GCC_OPTIMIZATION_LEVEL = 0;
				GCC_PREPROCESSOR_DEFINITIONS = (
					"DEBUG=1",
					"$(inherited)",
				);
				GCC_WARN_64_TO_32_BIT_CONVERSION = YES;
				GCC_WARN_ABOUT_RETURN_TYPE = YES_ERROR;
				GCC_WARN_UNDECLARED_SELECTOR = YES;
				GCC_WARN_UNINITIALIZED_AUTOS = YES_AGGRESSIVE;
				GCC_WARN_UNUSED_FUNCTION = YES;
				GCC_WARN_UNUSED_VARIABLE = YES;
				IPHONEOS_DEPLOYMENT_TARGET = 16.4;
				MTL_ENABLE_DEBUG_INFO = INCLUDE_SOURCE;
				MTL_FAST_MATH = YES;
				ONLY_ACTIVE_ARCH = YES;
				SDKROOT = iphoneos;
				SWIFT_ACTIVE_COMPILATION_CONDITIONS = DEBUG;
				SWIFT_OPTIMIZATION_LEVEL = "-Onone";
			};
			name = Debug;
		};
		E8BAEBE02A83FAA200A79B53 /* Release */ = {
			isa = XCBuildConfiguration;
			buildSettings = {
				ALWAYS_SEARCH_USER_PATHS = NO;
				CLANG_ANALYZER_NONNULL = YES;
				CLANG_ANALYZER_NUMBER_OBJECT_CONVERSION = YES_AGGRESSIVE;
				CLANG_CXX_LANGUAGE_STANDARD = "gnu++20";
				CLANG_ENABLE_MODULES = YES;
				CLANG_ENABLE_OBJC_ARC = YES;
				CLANG_ENABLE_OBJC_WEAK = YES;
				CLANG_WARN_BLOCK_CAPTURE_AUTORELEASING = YES;
				CLANG_WARN_BOOL_CONVERSION = YES;
				CLANG_WARN_COMMA = YES;
				CLANG_WARN_CONSTANT_CONVERSION = YES;
				CLANG_WARN_DEPRECATED_OBJC_IMPLEMENTATIONS = YES;
				CLANG_WARN_DIRECT_OBJC_ISA_USAGE = YES_ERROR;
				CLANG_WARN_DOCUMENTATION_COMMENTS = YES;
				CLANG_WARN_EMPTY_BODY = YES;
				CLANG_WARN_ENUM_CONVERSION = YES;
				CLANG_WARN_INFINITE_RECURSION = YES;
				CLANG_WARN_INT_CONVERSION = YES;
				CLANG_WARN_NON_LITERAL_NULL_CONVERSION = YES;
				CLANG_WARN_OBJC_IMPLICIT_RETAIN_SELF = YES;
				CLANG_WARN_OBJC_LITERAL_CONVERSION = YES;
				CLANG_WARN_OBJC_ROOT_CLASS = YES_ERROR;
				CLANG_WARN_QUOTED_INCLUDE_IN_FRAMEWORK_HEADER = YES;
				CLANG_WARN_RANGE_LOOP_ANALYSIS = YES;
				CLANG_WARN_STRICT_PROTOTYPES = YES;
				CLANG_WARN_SUSPICIOUS_MOVE = YES;
				CLANG_WARN_UNGUARDED_AVAILABILITY = YES_AGGRESSIVE;
				CLANG_WARN_UNREACHABLE_CODE = YES;
				CLANG_WARN__DUPLICATE_METHOD_MATCH = YES;
				COPY_PHASE_STRIP = NO;
				DEBUG_INFORMATION_FORMAT = "dwarf-with-dsym";
				ENABLE_NS_ASSERTIONS = NO;
				ENABLE_STRICT_OBJC_MSGSEND = YES;
				GCC_C_LANGUAGE_STANDARD = gnu11;
				GCC_NO_COMMON_BLOCKS = YES;
				GCC_WARN_64_TO_32_BIT_CONVERSION = YES;
				GCC_WARN_ABOUT_RETURN_TYPE = YES_ERROR;
				GCC_WARN_UNDECLARED_SELECTOR = YES;
				GCC_WARN_UNINITIALIZED_AUTOS = YES_AGGRESSIVE;
				GCC_WARN_UNUSED_FUNCTION = YES;
				GCC_WARN_UNUSED_VARIABLE = YES;
				IPHONEOS_DEPLOYMENT_TARGET = 16.4;
				MTL_ENABLE_DEBUG_INFO = NO;
				MTL_FAST_MATH = YES;
				SDKROOT = iphoneos;
				SWIFT_COMPILATION_MODE = wholemodule;
				SWIFT_OPTIMIZATION_LEVEL = "-O";
				VALIDATE_PRODUCT = YES;
			};
			name = Release;
		};
		E8BAEBE22A83FAA200A79B53 /* Debug */ = {
			isa = XCBuildConfiguration;
			baseConfigurationReference = 049E687EB0CB88CA333F2EA2 /* Pods-Add Music to Video.debug.xcconfig */;
			buildSettings = {
				ASSETCATALOG_COMPILER_APPICON_NAME = AppIcon;
				ASSETCATALOG_COMPILER_GLOBAL_ACCENT_COLOR_NAME = AccentColor;
				CODE_SIGN_STYLE = Automatic;
				CURRENT_PROJECT_VERSION = 1;
				GENERATE_INFOPLIST_FILE = YES;
				INFOPLIST_FILE = "Add Music to Video/Info.plist";
				INFOPLIST_KEY_UIApplicationSupportsIndirectInputEvents = YES;
				INFOPLIST_KEY_UILaunchStoryboardName = LaunchScreen;
				INFOPLIST_KEY_UIMainStoryboardFile = Main;
				INFOPLIST_KEY_UISupportedInterfaceOrientations = UIInterfaceOrientationPortrait;
				LD_RUNPATH_SEARCH_PATHS = (
					"$(inherited)",
					"@executable_path/Frameworks",
				);
				MARKETING_VERSION = 1.0;
				PRODUCT_BUNDLE_IDENTIFIER = "TIPU.Add-Music-to-Video";
				PRODUCT_NAME = "$(TARGET_NAME)";
				SWIFT_EMIT_LOC_STRINGS = YES;
				SWIFT_VERSION = 5.0;
				TARGETED_DEVICE_FAMILY = "1,2";
			};
			name = Debug;
		};
		E8BAEBE32A83FAA200A79B53 /* Release */ = {
			isa = XCBuildConfiguration;
			baseConfigurationReference = 226A8FF89101981FA3CA7EEF /* Pods-Add Music to Video.release.xcconfig */;
			buildSettings = {
				ASSETCATALOG_COMPILER_APPICON_NAME = AppIcon;
				ASSETCATALOG_COMPILER_GLOBAL_ACCENT_COLOR_NAME = AccentColor;
				CODE_SIGN_STYLE = Automatic;
				CURRENT_PROJECT_VERSION = 1;
				GENERATE_INFOPLIST_FILE = YES;
				INFOPLIST_FILE = "Add Music to Video/Info.plist";
				INFOPLIST_KEY_UIApplicationSupportsIndirectInputEvents = YES;
				INFOPLIST_KEY_UILaunchStoryboardName = LaunchScreen;
				INFOPLIST_KEY_UIMainStoryboardFile = Main;
				INFOPLIST_KEY_UISupportedInterfaceOrientations = UIInterfaceOrientationPortrait;
				LD_RUNPATH_SEARCH_PATHS = (
					"$(inherited)",
					"@executable_path/Frameworks",
				);
				MARKETING_VERSION = 1.0;
				PRODUCT_BUNDLE_IDENTIFIER = "TIPU.Add-Music-to-Video";
				PRODUCT_NAME = "$(TARGET_NAME)";
				SWIFT_EMIT_LOC_STRINGS = YES;
				SWIFT_VERSION = 5.0;
				TARGETED_DEVICE_FAMILY = "1,2";
			};
			name = Release;
		};
/* End XCBuildConfiguration section */

/* Begin XCConfigurationList section */
		E8BAEBC82A83FA9F00A79B53 /* Build configuration list for PBXProject "Add Music to Video" */ = {
			isa = XCConfigurationList;
			buildConfigurations = (
				E8BAEBDF2A83FAA200A79B53 /* Debug */,
				E8BAEBE02A83FAA200A79B53 /* Release */,
			);
			defaultConfigurationIsVisible = 0;
			defaultConfigurationName = Release;
		};
		E8BAEBE12A83FAA200A79B53 /* Build configuration list for PBXNativeTarget "Add Music to Video" */ = {
			isa = XCConfigurationList;
			buildConfigurations = (
				E8BAEBE22A83FAA200A79B53 /* Debug */,
				E8BAEBE32A83FAA200A79B53 /* Release */,
			);
			defaultConfigurationIsVisible = 0;
			defaultConfigurationName = Release;
		};
/* End XCConfigurationList section */
	};
	rootObject = E8BAEBC52A83FA9F00A79B53 /* Project object */;
}
